
Microsoft Visual Studio Solution File, Format Version 12.00
# Visual Studio Version 17
VisualStudioVersion = 17.8.34511.84
MinimumVisualStudioVersion = 10.0.40219.1
Project("{9A19103F-16F7-4668-BE54-9A1E7A4F7556}") = "API", "API\API.csproj", "{F8FD1962-F3E9-4486-A81E-4A93BB47CE7C}"
EndProject
Project("{9A19103F-16F7-4668-BE54-9A1E7A4F7556}") = "Entity", "Entity\Entity.csproj", "{F9733F34-F394-4BC7-A14E-178BA2E822C1}"
EndProject
Project("{9A19103F-16F7-4668-BE54-9A1E7A4F7556}") = "Business", "Business\Business.csproj", "{0E8BB160-2C4A-4654-95D2-516FF60E3FFC}"
EndProject
Project("{9A19103F-16F7-4668-BE54-9A1E7A4F7556}") = "DataAccess", "Repository\DataAccess.csproj", "{3CFE3581-1E73-4C41-A658-C7B8F70BC8AA}"
EndProject
Project("{9A19103F-16F7-4668-BE54-9A1E7A4F7556}") = "Infrastructure", "Infrastructure\Infrastructure.csproj", "{FF94974C-CBE4-495D-89A8-0E2F67833367}"
EndProject
Project("{9A19103F-16F7-4668-BE54-9A1E7A4F7556}") = "Client", "Client\Client.csproj", "{D3F9767F-DB54-4257-99DF-D63645E51E85}"
EndProject
Project("{2150E333-8FDC-42A3-9474-1A3956D46DE8}") = "DevExtreme NuGet.config", "DevExtreme NuGet.config", "{0B49286F-8E71-4F8F-9AF6-DFE4E8DDE94D}"
	ProjectSection(SolutionItems) = preProject
		NuGet.config = NuGet.config
	EndProjectSection
EndProject
Global
	GlobalSection(SolutionConfigurationPlatforms) = preSolution
		Debug|Any CPU = Debug|Any CPU
		Release|Any CPU = Release|Any CPU
	EndGlobalSection
	GlobalSection(ProjectConfigurationPlatforms) = postSolution
		{F8FD1962-F3E9-4486-A81E-4A93BB47CE7C}.Debug|Any CPU.ActiveCfg = Debug|Any CPU
		{F8FD1962-F3E9-4486-A81E-4A93BB47CE7C}.Debug|Any CPU.Build.0 = Debug|Any CPU
		{F8FD1962-F3E9-4486-A81E-4A93BB47CE7C}.Release|Any CPU.ActiveCfg = Release|Any CPU
		{F8FD1962-F3E9-4486-A81E-4A93BB47CE7C}.Release|Any CPU.Build.0 = Release|Any CPU
		{F9733F34-F394-4BC7-A14E-178BA2E822C1}.Debug|Any CPU.ActiveCfg = Debug|Any CPU
		{F9733F34-F394-4BC7-A14E-178BA2E822C1}.Debug|Any CPU.Build.0 = Debug|Any CPU
		{F9733F34-F394-4BC7-A14E-178BA2E822C1}.Release|Any CPU.ActiveCfg = Release|Any CPU
		{F9733F34-F394-4BC7-A14E-178BA2E822C1}.Release|Any CPU.Build.0 = Release|Any CPU
		{0E8BB160-2C4A-4654-95D2-516FF60E3FFC}.Debug|Any CPU.ActiveCfg = Debug|Any CPU
		{0E8BB160-2C4A-4654-95D2-516FF60E3FFC}.Debug|Any CPU.Build.0 = Debug|Any CPU
		{0E8BB160-2C4A-4654-95D2-516FF60E3FFC}.Release|Any CPU.ActiveCfg = Release|Any CPU
		{0E8BB160-2C4A-4654-95D2-516FF60E3FFC}.Release|Any CPU.Build.0 = Release|Any CPU
		{3CFE3581-1E73-4C41-A658-C7B8F70BC8AA}.Debug|Any CPU.ActiveCfg = Debug|Any CPU
		{3CFE3581-1E73-4C41-A658-C7B8F70BC8AA}.Debug|Any CPU.Build.0 = Debug|Any CPU
		{3CFE3581-1E73-4C41-A658-C7B8F70BC8AA}.Release|Any CPU.ActiveCfg = Release|Any CPU
		{3CFE3581-1E73-4C41-A658-C7B8F70BC8AA}.Release|Any CPU.Build.0 = Release|Any CPU
		{FF94974C-CBE4-495D-89A8-0E2F67833367}.Debug|Any CPU.ActiveCfg = Debug|Any CPU
		{FF94974C-CBE4-495D-89A8-0E2F67833367}.Debug|Any CPU.Build.0 = Debug|Any CPU
		{FF94974C-CBE4-495D-89A8-0E2F67833367}.Release|Any CPU.ActiveCfg = Release|Any CPU
		{FF94974C-CBE4-495D-89A8-0E2F67833367}.Release|Any CPU.Build.0 = Release|Any CPU
		{D3F9767F-DB54-4257-99DF-D63645E51E85}.Debug|Any CPU.ActiveCfg = Debug|Any CPU
		{D3F9767F-DB54-4257-99DF-D63645E51E85}.Debug|Any CPU.Build.0 = Debug|Any CPU
		{D3F9767F-DB54-4257-99DF-D63645E51E85}.Release|Any CPU.ActiveCfg = Release|Any CPU
		{D3F9767F-DB54-4257-99DF-D63645E51E85}.Release|Any CPU.Build.0 = Release|Any CPU
	EndGlobalSection
	GlobalSection(SolutionProperties) = preSolution
		HideSolutionNode = FALSE
	EndGlobalSection
	GlobalSection(ExtensibilityGlobals) = postSolution
		SolutionGuid = {1466D310-5AD9-447D-92CB-C7E2BC814A0F}
	EndGlobalSection
EndGlobal
